PODS:
  - BEMCheckBox (1.4.1)
  - JTAppleCalendar (8.0.2)
  - SkyFloatingLabelTextField (3.6.0)

DEPENDENCIES:
  - BEMCheckBox (~> 1.4.1)
  - JTAppleCalendar (~> 8.0.2)
  - SkyFloatingLabelTextField (~> 3.6.0)

SPEC REPOS:
  https://github.com/cocoapods/specs.git:
    - BEMCheckBox
    - JTAppleCalendar
    - SkyFloatingLabelTextField

SPEC CHECKSUMS:
  BEMCheckBox: 5ba6e37ade3d3657b36caecc35c8b75c6c2b1a4e
  JTAppleCalendar: bb3dd3752e2bcc85cb798ab763fbdd6e142715fc
  SkyFloatingLabelTextField: 38164979b79512f9ff9288ad8acfc4bbf5d843e3

PODFILE CHECKSUM: 3cdc7d049591eaf710deef4ce5b771de2f4359c5

COCOAPODS: 1.7.5
